Microsoft Visual Studio Solution File, Format Version 12.00
# Visual Studio Version 17
VisualStudioVersion = 17.5.2.0
MinimumVisualStudioVersion = 10.0.40219.1
Project("{FAE04EC0-301F-11D3-BF4B-00C04F79EFBC}") = "ExemploFundamentos", "ExemploFundamentos.csproj", "{1A425F30-7E09-CE78-97C8-4C937CEC6E8D}"
EndProject
Global
	GlobalSection(SolutionConfigurationPlatforms) = preSolution
		Debug|Any CPU = Debug|Any CPU
		Release|Any CPU = Release|Any CPU
	EndGlobalSection
	GlobalSection(ProjectConfigurationPlatforms) = postSolution
		{1A425F30-7E09-CE78-97C8-4C937CEC6E8D}.Debug|Any CPU.ActiveCfg = Debug|Any CPU
		{1A425F30-7E09-CE78-97C8-4C937CEC6E8D}.Debug|Any CPU.Build.0 = Debug|Any CPU
		{1A425F30-7E09-CE78-97C8-4C937CEC6E8D}.Release|Any CPU.ActiveCfg = Release|Any CPU
		{1A425F30-7E09-CE78-97C8-4C937CEC6E8D}.Release|Any CPU.Build.0 = Release|Any CPU
	EndGlobalSection
	GlobalSection(SolutionProperties) = preSolution
		HideSolutionNode = FALSE
	EndGlobalSection
	GlobalSection(ExtensibilityGlobals) = postSolution
		SolutionGuid = {F1B662F6-0000-4B0D-BFD3-0FD6383F8514}
	EndGlobalSection
EndGlobal
